// !$*UTF8*$!
{
	archiveVersion = 1;
	classes = {
	};
	objectVersion = 77;
	objects = {

/* Begin PBXBuildFile section */
		A10000010000000000000001 /* VoxtralCore in Frameworks */ = {isa = PBXBuildFile; productRef = A10000040000000000000001 /* VoxtralCore */; };
		A10000010000000000000002 /* KeyboardShortcuts in Frameworks */ = {isa = PBXBuildFile; productRef = A10000040000000000000002 /* KeyboardShortcuts */; };
		A10000010000000000000003 /* Sauce in Frameworks */ = {isa = PBXBuildFile; productRef = A10000040000000000000003 /* Sauce */; };
		A10000010000000000000004 /* Sharing in Frameworks */ = {isa = PBXBuildFile; productRef = A10000040000000000000004 /* Sharing */; };
		A10000010000000000000005 /* Dependencies in Frameworks */ = {isa = PBXBuildFile; productRef = A10000040000000000000005 /* Dependencies */; };
		A10000010000000000000006 /* IssueReporting in Frameworks */ = {isa = PBXBuildFile; productRef = A10000040000000000000006 /* IssueReporting */; };
		A10000010000000000000007 /* Sparkle in Frameworks */ = {isa = PBXBuildFile; productRef = A10000040000000000000007 /* Sparkle */; };
		A10000010000000000000008 /* MacControlCenterUI in Frameworks */ = {isa = PBXBuildFile; productRef = A10000040000000000000008 /* MacControlCenterUI */; };
		B10000010000000000000001 /* Shared in Frameworks */ = {isa = PBXBuildFile; productRef = B10000040000000000000001 /* Shared */; };
		B10000010000000000000002 /* AudioClient in Frameworks */ = {isa = PBXBuildFile; productRef = B10000040000000000000002 /* AudioClient */; };
		B10000010000000000000003 /* PermissionsClient in Frameworks */ = {isa = PBXBuildFile; productRef = B10000040000000000000003 /* PermissionsClient */; };
		B10000010000000000000004 /* PasteClient in Frameworks */ = {isa = PBXBuildFile; productRef = B10000040000000000000004 /* PasteClient */; };
		B10000010000000000000005 /* KeyboardClient in Frameworks */ = {isa = PBXBuildFile; productRef = B10000040000000000000005 /* KeyboardClient */; };
		B10000010000000000000006 /* FloatingCapsuleClient in Frameworks */ = {isa = PBXBuildFile; productRef = B10000040000000000000006 /* FloatingCapsuleClient */; };
		B10000010000000000000007 /* TranscriptionClient in Frameworks */ = {isa = PBXBuildFile; productRef = B10000040000000000000007 /* TranscriptionClient */; };
		B10000010000000000000008 /* DownloadClient in Frameworks */ = {isa = PBXBuildFile; productRef = B10000040000000000000008 /* DownloadClient */; };
		B10000010000000000000009 /* HistoryClient in Frameworks */ = {isa = PBXBuildFile; productRef = B10000040000000000000009 /* HistoryClient */; };
		B1000001000000000000000A /* SoundClient in Frameworks */ = {isa = PBXBuildFile; productRef = B1000004000000000000000A /* SoundClient */; };
		B1000001000000000000000B /* LogClient in Frameworks */ = {isa = PBXBuildFile; productRef = B1000004000000000000000B /* LogClient */; };
		B1000001000000000000000C /* Onboarding in Frameworks */ = {isa = PBXBuildFile; productRef = B1000004000000000000000C /* Onboarding */; };
		B1000001000000000000000D /* VerbatimModels in Frameworks */ = {isa = PBXBuildFile; productRef = B1000004000000000000000D /* VerbatimModels */; };
		B1000001000000000000000E /* UI in Frameworks */ = {isa = PBXBuildFile; productRef = B1000004000000000000000E /* UI */; };
		B1000001000000000000000F /* WindowClient in Frameworks */ = {isa = PBXBuildFile; productRef = B1000004000000000000000F /* WindowClient */; };
		B10000010000000000000010 /* FoundationModelClient in Frameworks */ = {isa = PBXBuildFile; productRef = B10000040000000000000010 /* FoundationModelClient */; };
		B10000010000000000000011 /* DoubleTapClient in Frameworks */ = {isa = PBXBuildFile; productRef = B10000040000000000000011 /* DoubleTapClient */; };
/* End PBXBuildFile section */

/* Begin PBXFileReference section */
		5186424B2F47BB9E00A69D9B /* VerbatimKit */ = {isa = PBXFileReference; lastKnownFileType = wrapper; path = VerbatimKit; sourceTree = "<group>"; };
		51E5F7C32F47CB6800FE37A5 /* mlx-voxtral-swift */ = {isa = PBXFileReference; lastKnownFileType = wrapper; path = "mlx-voxtral-swift"; sourceTree = "<group>"; };
		51F869592F469BEA004C06DD /* Verbatim.app */ = {isa = PBXFileReference; explicitFileType = wrapper.application; includeInIndex = 0; path = Verbatim.app; sourceTree = BUILT_PRODUCTS_DIR; };
/* End PBXFileReference section */

/* Begin PBXFileSystemSynchronizedBuildFileExceptionSet section */
		516F16AA2F47AD3000A41BE1 /* Exceptions for "Verbatim" folder in "Verbatim" target */ = {
			isa = PBXFileSystemSynchronizedBuildFileExceptionSet;
			membershipExceptions = (
				Info.plist,
			);
			target = 51F869582F469BEA004C06DD /* Verbatim */;
		};
/* End PBXFileSystemSynchronizedBuildFileExceptionSet section */

/* Begin PBXFileSystemSynchronizedRootGroup section */
		51F8695B2F469BEA004C06DD /* Verbatim */ = {
			isa = PBXFileSystemSynchronizedRootGroup;
			exceptions = (
				516F16AA2F47AD3000A41BE1 /* Exceptions for "Verbatim" folder in "Verbatim" target */,
			);
			path = Verbatim;
			sourceTree = "<group>";
		};
/* End PBXFileSystemSynchronizedRootGroup section */

/* Begin PBXFrameworksBuildPhase section */
		51F869562F469BEA004C06DD /* Frameworks */ = {
			isa = PBXFrameworksBuildPhase;
			buildActionMask = 2147483647;
			files = (
				A10000010000000000000001 /* VoxtralCore in Frameworks */,
				A10000010000000000000002 /* KeyboardShortcuts in Frameworks */,
				A10000010000000000000003 /* Sauce in Frameworks */,
				A10000010000000000000004 /* Sharing in Frameworks */,
				A10000010000000000000005 /* Dependencies in Frameworks */,
				A10000010000000000000006 /* IssueReporting in Frameworks */,
				A10000010000000000000007 /* Sparkle in Frameworks */,
				A10000010000000000000008 /* MacControlCenterUI in Frameworks */,
				B10000010000000000000001 /* Shared in Frameworks */,
				B10000010000000000000002 /* AudioClient in Frameworks */,
				B10000010000000000000003 /* PermissionsClient in Frameworks */,
				B10000010000000000000004 /* PasteClient in Frameworks */,
				B10000010000000000000005 /* KeyboardClient in Frameworks */,
				B10000010000000000000006 /* FloatingCapsuleClient in Frameworks */,
				B10000010000000000000007 /* TranscriptionClient in Frameworks */,
				B10000010000000000000008 /* DownloadClient in Frameworks */,
				B10000010000000000000009 /* HistoryClient in Frameworks */,
				B1000001000000000000000A /* SoundClient in Frameworks */,
				B1000001000000000000000B /* LogClient in Frameworks */,
				B1000001000000000000000C /* Onboarding in Frameworks */,
				B1000001000000000000000D /* VerbatimModels in Frameworks */,
				B1000001000000000000000E /* UI in Frameworks */,
				B1000001000000000000000F /* WindowClient in Frameworks */,
				B10000010000000000000010 /* FoundationModelClient in Frameworks */,
				B10000010000000000000011 /* DoubleTapClient in Frameworks */,
			);
			runOnlyForDeploymentPostprocessing = 0;
		};
/* End PBXFrameworksBuildPhase section */

/* Begin PBXGroup section */
		51F869502F469BEA004C06DD = {
			isa = PBXGroup;
			children = (
				51E5F7C32F47CB6800FE37A5 /* mlx-voxtral-swift */,
				5186424B2F47BB9E00A69D9B /* VerbatimKit */,
				51F8695B2F469BEA004C06DD /* Verbatim */,
				51F8695A2F469BEA004C06DD /* Products */,
			);
			sourceTree = "<group>";
		};
		51F8695A2F469BEA004C06DD /* Products */ = {
			isa = PBXGroup;
			children = (
				51F869592F469BEA004C06DD /* Verbatim.app */,
			);
			name = Products;
			sourceTree = "<group>";
		};
/* End PBXGroup section */

/* Begin PBXNativeTarget section */
		51F869582F469BEA004C06DD /* Verbatim */ = {
			isa = PBXNativeTarget;
			buildConfigurationList = 51F869642F469BEB004C06DD /* Build configuration list for PBXNativeTarget "Verbatim" */;
			buildPhases = (
				51F869552F469BEA004C06DD /* Sources */,
				51F869562F469BEA004C06DD /* Frameworks */,
				A10000050000000000000001 /* Embed aria2c */,
				51F869572F469BEA004C06DD /* Resources */,
			);
			buildRules = (
			);
			dependencies = (
			);
			fileSystemSynchronizedGroups = (
				51F8695B2F469BEA004C06DD /* Verbatim */,
			);
			name = Verbatim;
			packageProductDependencies = (
				A10000040000000000000001 /* VoxtralCore */,
				A10000040000000000000002 /* KeyboardShortcuts */,
				A10000040000000000000003 /* Sauce */,
				A10000040000000000000004 /* Sharing */,
				A10000040000000000000005 /* Dependencies */,
				A10000040000000000000006 /* IssueReporting */,
				A10000040000000000000007 /* Sparkle */,
				A10000040000000000000008 /* MacControlCenterUI */,
				B10000040000000000000001 /* Shared */,
				B10000040000000000000002 /* AudioClient */,
				B10000040000000000000003 /* PermissionsClient */,
				B10000040000000000000004 /* PasteClient */,
				B10000040000000000000005 /* KeyboardClient */,
				B10000040000000000000006 /* FloatingCapsuleClient */,
				B10000040000000000000007 /* TranscriptionClient */,
				B10000040000000000000008 /* DownloadClient */,
				B10000040000000000000009 /* HistoryClient */,
				B1000004000000000000000A /* SoundClient */,
				B1000004000000000000000B /* LogClient */,
				B1000004000000000000000C /* Onboarding */,
				B1000004000000000000000D /* VerbatimModels */,
				B1000004000000000000000E /* UI */,
				B1000004000000000000000F /* WindowClient */,
				B10000040000000000000010 /* FoundationModelClient */,
				B10000040000000000000011 /* DoubleTapClient */,
			);
			productName = Verbatim;
			productReference = 51F869592F469BEA004C06DD /* Verbatim.app */;
			productType = "com.apple.product-type.application";
		};
/* End PBXNativeTarget section */

/* Begin PBXProject section */
		51F869512F469BEA004C06DD /* Project object */ = {
			isa = PBXProject;
			attributes = {
				BuildIndependentTargetsInParallel = 1;
				LastSwiftUpdateCheck = 2630;
				LastUpgradeCheck = 2630;
				TargetAttributes = {
					51F869582F469BEA004C06DD = {
						CreatedOnToolsVersion = 26.3;
					};
				};
			};
			buildConfigurationList = 51F869542F469BEA004C06DD /* Build configuration list for PBXProject "Verbatim" */;
			developmentRegion = en;
			hasScannedForEncodings = 0;
			knownRegions = (
				en,
				Base,
			);
			mainGroup = 51F869502F469BEA004C06DD;
			minimizedProjectReferenceProxies = 1;
			packageReferences = (
				A10000020000000000000001 /* XCLocalSwiftPackageReference "mlx-voxtral-swift" */,
				B10000020000000000000001 /* XCLocalSwiftPackageReference "VerbatimKit" */,
				A10000030000000000000003 /* XCRemoteSwiftPackageReference "swift-dependencies" */,
				A10000030000000000000004 /* XCRemoteSwiftPackageReference "swift-sharing" */,
				A10000030000000000000005 /* XCRemoteSwiftPackageReference "xctest-dynamic-overlay" */,
				A10000030000000000000006 /* XCRemoteSwiftPackageReference "Sparkle" */,
				A10000030000000000000007 /* XCRemoteSwiftPackageReference "MacControlCenterUI" */,
			);
			preferredProjectObjectVersion = 77;
			productRefGroup = 51F8695A2F469BEA004C06DD /* Products */;
			projectDirPath = "";
			projectRoot = "";
			targets = (
				51F869582F469BEA004C06DD /* Verbatim */,
			);
		};
/* End PBXProject section */

/* Begin PBXResourcesBuildPhase section */
		51F869572F469BEA004C06DD /* Resources */ = {
			isa = PBXResourcesBuildPhase;
			buildActionMask = 2147483647;
			files = (
			);
			runOnlyForDeploymentPostprocessing = 0;
		};
/* End PBXResourcesBuildPhase section */

/* Begin PBXShellScriptBuildPhase section */
		A10000050000000000000001 /* Embed aria2c */ = {
			isa = PBXShellScriptBuildPhase;
			buildActionMask = 2147483647;
			files = (
			);
			inputFileListPaths = (
			);
			inputPaths = (
				"$(SRCROOT)/Verbatim/Resources/Tools/aria2c",
			);
			name = "Embed aria2c";
			outputFileListPaths = (
			);
			outputPaths = (
				"$(TARGET_BUILD_DIR)/$(UNLOCALIZED_RESOURCES_FOLDER_PATH)/Tools/aria2c",
			);
			runOnlyForDeploymentPostprocessing = 0;
			shellPath = /bin/sh;
			shellScript = "set -euo pipefail\nARIA2_SOURCE=\"$SRCROOT/Verbatim/Resources/Tools/aria2c\"\nARIA2_DEST_DIR=\"$TARGET_BUILD_DIR/$UNLOCALIZED_RESOURCES_FOLDER_PATH/Tools\"\nARIA2_DEST=\"$ARIA2_DEST_DIR/aria2c\"\nif [ ! -f \"$ARIA2_SOURCE\" ]; then\n  echo \"Missing aria2c source binary at $ARIA2_SOURCE\" >&2\n  exit 1\nfi\nmkdir -p \"$ARIA2_DEST_DIR\"\ncp \"$ARIA2_SOURCE\" \"$ARIA2_DEST\"\nchmod +x \"$ARIA2_DEST\"";
		};
/* End PBXShellScriptBuildPhase section */

/* Begin PBXSourcesBuildPhase section */
		51F869552F469BEA004C06DD /* Sources */ = {
			isa = PBXSourcesBuildPhase;
			buildActionMask = 2147483647;
			files = (
			);
			runOnlyForDeploymentPostprocessing = 0;
		};
/* End PBXSourcesBuildPhase section */

/* Begin XCBuildConfiguration section */
		51F869622F469BEB004C06DD /* Debug */ = {
			isa = XCBuildConfiguration;
			buildSettings = {
				ALWAYS_SEARCH_USER_PATHS = NO;
				ASSETCATALOG_COMPILER_GENERATE_SWIFT_ASSET_SYMBOL_EXTENSIONS = YES;
				CLANG_ANALYZER_NONNULL = YES;
				CLANG_ANALYZER_NUMBER_OBJECT_CONVERSION = YES_AGGRESSIVE;
				CLANG_CXX_LANGUAGE_STANDARD = "gnu++20";
				CLANG_ENABLE_MODULES = YES;
				CLANG_ENABLE_OBJC_ARC = YES;
				CLANG_ENABLE_OBJC_WEAK = YES;
				CLANG_WARN_BLOCK_CAPTURE_AUTORELEASING = YES;
				CLANG_WARN_BOOL_CONVERSION = YES;
				CLANG_WARN_COMMA = YES;
				CLANG_WARN_CONSTANT_CONVERSION = YES;
				CLANG_WARN_DEPRECATED_OBJC_IMPLEMENTATIONS = YES;
				CLANG_WARN_DIRECT_OBJC_ISA_USAGE = YES_ERROR;
				CLANG_WARN_DOCUMENTATION_COMMENTS = YES;
				CLANG_WARN_EMPTY_BODY = YES;
				CLANG_WARN_ENUM_CONVERSION = YES;
				CLANG_WARN_INFINITE_RECURSION = YES;
				CLANG_WARN_INT_CONVERSION = YES;
				CLANG_WARN_NON_LITERAL_NULL_CONVERSION = YES;
				CLANG_WARN_OBJC_IMPLICIT_RETAIN_SELF = YES;
				CLANG_WARN_OBJC_LITERAL_CONVERSION = YES;
				CLANG_WARN_OBJC_ROOT_CLASS = YES_ERROR;
				CLANG_WARN_QUOTED_INCLUDE_IN_FRAMEWORK_HEADER = YES;
				CLANG_WARN_RANGE_LOOP_ANALYSIS = YES;
				CLANG_WARN_STRICT_PROTOTYPES = YES;
				CLANG_WARN_SUSPICIOUS_MOVE = YES;
				CLANG_WARN_UNGUARDED_AVAILABILITY = YES_AGGRESSIVE;
				CLANG_WARN_UNREACHABLE_CODE = YES;
				CLANG_WARN__DUPLICATE_METHOD_MATCH = YES;
				COPY_PHASE_STRIP = NO;
				DEBUG_INFORMATION_FORMAT = dwarf;
				DEVELOPMENT_TEAM = 4538W4A79B;
				ENABLE_STRICT_OBJC_MSGSEND = YES;
				ENABLE_TESTABILITY = YES;
				ENABLE_USER_SCRIPT_SANDBOXING = YES;
				GCC_C_LANGUAGE_STANDARD = gnu17;
				GCC_DYNAMIC_NO_PIC = NO;
				GCC_NO_COMMON_BLOCKS = YES;
				GCC_OPTIMIZATION_LEVEL = 0;
				GCC_PREPROCESSOR_DEFINITIONS = (
					"DEBUG=1",
					"$(inherited)",
				);
				GCC_WARN_64_TO_32_BIT_CONVERSION = YES;
				GCC_WARN_ABOUT_RETURN_TYPE = YES_ERROR;
				GCC_WARN_UNDECLARED_SELECTOR = YES;
				GCC_WARN_UNINITIALIZED_AUTOS = YES_AGGRESSIVE;
				GCC_WARN_UNUSED_FUNCTION = YES;
				GCC_WARN_UNUSED_VARIABLE = YES;
				LOCALIZATION_PREFERS_STRING_CATALOGS = YES;
				MACOSX_DEPLOYMENT_TARGET = 26.2;
				MTL_ENABLE_DEBUG_INFO = INCLUDE_SOURCE;
				MTL_FAST_MATH = YES;
				ONLY_ACTIVE_ARCH = YES;
				SDKROOT = macosx;
				SWIFT_ACTIVE_COMPILATION_CONDITIONS = "DEBUG $(inherited)";
				SWIFT_OPTIMIZATION_LEVEL = "-Onone";
			};
			name = Debug;
		};
		51F869632F469BEB004C06DD /* Release */ = {
			isa = XCBuildConfiguration;
			buildSettings = {
				ALWAYS_SEARCH_USER_PATHS = NO;
				ASSETCATALOG_COMPILER_GENERATE_SWIFT_ASSET_SYMBOL_EXTENSIONS = YES;
				CLANG_ANALYZER_NONNULL = YES;
				CLANG_ANALYZER_NUMBER_OBJECT_CONVERSION = YES_AGGRESSIVE;
				CLANG_CXX_LANGUAGE_STANDARD = "gnu++20";
				CLANG_ENABLE_MODULES = YES;
				CLANG_ENABLE_OBJC_ARC = YES;
				CLANG_ENABLE_OBJC_WEAK = YES;
				CLANG_WARN_BLOCK_CAPTURE_AUTORELEASING = YES;
				CLANG_WARN_BOOL_CONVERSION = YES;
				CLANG_WARN_COMMA = YES;
				CLANG_WARN_CONSTANT_CONVERSION = YES;
				CLANG_WARN_DEPRECATED_OBJC_IMPLEMENTATIONS = YES;
				CLANG_WARN_DIRECT_OBJC_ISA_USAGE = YES_ERROR;
				CLANG_WARN_DOCUMENTATION_COMMENTS = YES;
				CLANG_WARN_EMPTY_BODY = YES;
				CLANG_WARN_ENUM_CONVERSION = YES;
				CLANG_WARN_INFINITE_RECURSION = YES;
				CLANG_WARN_INT_CONVERSION = YES;
				CLANG_WARN_NON_LITERAL_NULL_CONVERSION = YES;
				CLANG_WARN_OBJC_IMPLICIT_RETAIN_SELF = YES;
				CLANG_WARN_OBJC_LITERAL_CONVERSION = YES;
				CLANG_WARN_OBJC_ROOT_CLASS = YES_ERROR;
				CLANG_WARN_QUOTED_INCLUDE_IN_FRAMEWORK_HEADER = YES;
				CLANG_WARN_RANGE_LOOP_ANALYSIS = YES;
				CLANG_WARN_STRICT_PROTOTYPES = YES;
				CLANG_WARN_SUSPICIOUS_MOVE = YES;
				CLANG_WARN_UNGUARDED_AVAILABILITY = YES_AGGRESSIVE;
				CLANG_WARN_UNREACHABLE_CODE = YES;
				CLANG_WARN__DUPLICATE_METHOD_MATCH = YES;
				COPY_PHASE_STRIP = NO;
				DEBUG_INFORMATION_FORMAT = "dwarf-with-dsym";
				DEVELOPMENT_TEAM = 4538W4A79B;
				ENABLE_NS_ASSERTIONS = NO;
				ENABLE_STRICT_OBJC_MSGSEND = YES;
				ENABLE_USER_SCRIPT_SANDBOXING = YES;
				GCC_C_LANGUAGE_STANDARD = gnu17;
				GCC_NO_COMMON_BLOCKS = YES;
				GCC_WARN_64_TO_32_BIT_CONVERSION = YES;
				GCC_WARN_ABOUT_RETURN_TYPE = YES_ERROR;
				GCC_WARN_UNDECLARED_SELECTOR = YES;
				GCC_WARN_UNINITIALIZED_AUTOS = YES_AGGRESSIVE;
				GCC_WARN_UNUSED_FUNCTION = YES;
				GCC_WARN_UNUSED_VARIABLE = YES;
				LOCALIZATION_PREFERS_STRING_CATALOGS = YES;
				MACOSX_DEPLOYMENT_TARGET = 26.2;
				MTL_ENABLE_DEBUG_INFO = NO;
				MTL_FAST_MATH = YES;
				SDKROOT = macosx;
				SWIFT_COMPILATION_MODE = wholemodule;
			};
			name = Release;
		};
		51F869652F469BEB004C06DD /* Debug */ = {
			isa = XCBuildConfiguration;
			buildSettings = {
				ASSETCATALOG_COMPILER_APPICON_NAME = AppIcon;
				ASSETCATALOG_COMPILER_GLOBAL_ACCENT_COLOR_NAME = AccentColor;
				AUTOMATION_APPLE_EVENTS = NO;
				CODE_SIGN_ENTITLEMENTS = Verbatim/Verbatim.entitlements;
				"CODE_SIGN_IDENTITY[sdk=macosx*]" = "Apple Development";
				CODE_SIGN_STYLE = Automatic;
				COMBINE_HIDPI_IMAGES = YES;
				CURRENT_PROJECT_VERSION = 2;
				DEVELOPMENT_TEAM = VG6PT33BJP;
				ENABLE_APP_SANDBOX = NO;
				ENABLE_HARDENED_RUNTIME = YES;
				ENABLE_PREVIEWS = YES;
				ENABLE_RESOURCE_ACCESS_AUDIO_INPUT = YES;
				ENABLE_RESOURCE_ACCESS_CALENDARS = NO;
				ENABLE_RESOURCE_ACCESS_CAMERA = NO;
				ENABLE_RESOURCE_ACCESS_CONTACTS = NO;
				ENABLE_RESOURCE_ACCESS_LOCATION = NO;
				ENABLE_RESOURCE_ACCESS_PHOTO_LIBRARY = NO;
				ENABLE_USER_SELECTED_FILES = NO;
				GENERATE_INFOPLIST_FILE = NO;
				INFOPLIST_FILE = Verbatim/Info.plist;
				LD_RUNPATH_SEARCH_PATHS = (
					"$(inherited)",
					"@executable_path/../Frameworks",
				);
				MACOSX_DEPLOYMENT_TARGET = 15.0;
				MARKETING_VERSION = 1.0.1;
				PRODUCT_BUNDLE_IDENTIFIER = farhan.verbatim;
				PRODUCT_NAME = Verbatim;
				REGISTER_APP_GROUPS = NO;
				RUNTIME_EXCEPTION_ALLOW_DYLD_ENVIRONMENT_VARIABLES = NO;
				RUNTIME_EXCEPTION_ALLOW_JIT = NO;
				RUNTIME_EXCEPTION_ALLOW_UNSIGNED_EXECUTABLE_MEMORY = NO;
				RUNTIME_EXCEPTION_DEBUGGING_TOOL = NO;
				RUNTIME_EXCEPTION_DISABLE_EXECUTABLE_PAGE_PROTECTION = NO;
				RUNTIME_EXCEPTION_DISABLE_LIBRARY_VALIDATION = NO;
				SPARKLE_PUBLIC_ED_KEY = "VciWfC05dyz6R9ux0wS/7HIPy5vke5Hf36Y96bYGpmk=";
				STRING_CATALOG_GENERATE_SYMBOLS = YES;
				SWIFT_APPROACHABLE_CONCURRENCY = YES;
				SWIFT_DEFAULT_ACTOR_ISOLATION = MainActor;
				SWIFT_EMIT_LOC_STRINGS = YES;
				SWIFT_UPCOMING_FEATURE_MEMBER_IMPORT_VISIBILITY = YES;
				SWIFT_VERSION = 5.0;
			};
			name = Debug;
		};
		51F869662F469BEB004C06DD /* Release */ = {
			isa = XCBuildConfiguration;
			buildSettings = {
				ASSETCATALOG_COMPILER_APPICON_NAME = AppIcon;
				ASSETCATALOG_COMPILER_GLOBAL_ACCENT_COLOR_NAME = AccentColor;
				AUTOMATION_APPLE_EVENTS = NO;
				CODE_SIGN_ENTITLEMENTS = Verbatim/Verbatim.entitlements;
				"CODE_SIGN_IDENTITY[sdk=macosx*]" = "Apple Development";
				CODE_SIGN_STYLE = Automatic;
				COMBINE_HIDPI_IMAGES = YES;
				CURRENT_PROJECT_VERSION = 2;
				DEVELOPMENT_TEAM = VG6PT33BJP;
				ENABLE_APP_SANDBOX = NO;
				ENABLE_HARDENED_RUNTIME = YES;
				ENABLE_PREVIEWS = YES;
				ENABLE_RESOURCE_ACCESS_AUDIO_INPUT = YES;
				ENABLE_RESOURCE_ACCESS_CALENDARS = NO;
				ENABLE_RESOURCE_ACCESS_CAMERA = NO;
				ENABLE_RESOURCE_ACCESS_CONTACTS = NO;
				ENABLE_RESOURCE_ACCESS_LOCATION = NO;
				ENABLE_RESOURCE_ACCESS_PHOTO_LIBRARY = NO;
				ENABLE_USER_SELECTED_FILES = NO;
				GENERATE_INFOPLIST_FILE = NO;
				INFOPLIST_FILE = Verbatim/Info.plist;
				LD_RUNPATH_SEARCH_PATHS = (
					"$(inherited)",
					"@executable_path/../Frameworks",
				);
				MACOSX_DEPLOYMENT_TARGET = 15.0;
				MARKETING_VERSION = 1.0.1;
				PRODUCT_BUNDLE_IDENTIFIER = farhan.verbatim;
				PRODUCT_NAME = Verbatim;
				REGISTER_APP_GROUPS = NO;
				RUNTIME_EXCEPTION_ALLOW_DYLD_ENVIRONMENT_VARIABLES = NO;
				RUNTIME_EXCEPTION_ALLOW_JIT = NO;
				RUNTIME_EXCEPTION_ALLOW_UNSIGNED_EXECUTABLE_MEMORY = NO;
				RUNTIME_EXCEPTION_DEBUGGING_TOOL = NO;
				RUNTIME_EXCEPTION_DISABLE_EXECUTABLE_PAGE_PROTECTION = NO;
				RUNTIME_EXCEPTION_DISABLE_LIBRARY_VALIDATION = NO;
				SPARKLE_PUBLIC_ED_KEY = "VciWfC05dyz6R9ux0wS/7HIPy5vke5Hf36Y96bYGpmk=";
				STRING_CATALOG_GENERATE_SYMBOLS = YES;
				SWIFT_APPROACHABLE_CONCURRENCY = YES;
				SWIFT_DEFAULT_ACTOR_ISOLATION = MainActor;
				SWIFT_EMIT_LOC_STRINGS = YES;
				SWIFT_UPCOMING_FEATURE_MEMBER_IMPORT_VISIBILITY = YES;
				SWIFT_VERSION = 5.0;
			};
			name = Release;
		};
/* End XCBuildConfiguration section */

/* Begin XCConfigurationList section */
		51F869542F469BEA004C06DD /* Build configuration list for PBXProject "Verbatim" */ = {
			isa = XCConfigurationList;
			buildConfigurations = (
				51F869622F469BEB004C06DD /* Debug */,
				51F869632F469BEB004C06DD /* Release */,
			);
			defaultConfigurationIsVisible = 0;
			defaultConfigurationName = Release;
		};
		51F869642F469BEB004C06DD /* Build configuration list for PBXNativeTarget "Verbatim" */ = {
			isa = XCConfigurationList;
			buildConfigurations = (
				51F869652F469BEB004C06DD /* Debug */,
				51F869662F469BEB004C06DD /* Release */,
			);
			defaultConfigurationIsVisible = 0;
			defaultConfigurationName = Release;
		};
/* End XCConfigurationList section */

/* Begin XCLocalSwiftPackageReference section */
		A10000020000000000000001 /* XCLocalSwiftPackageReference "mlx-voxtral-swift" */ = {
			isa = XCLocalSwiftPackageReference;
			relativePath = "mlx-voxtral-swift";
		};
		B10000020000000000000001 /* XCLocalSwiftPackageReference "VerbatimKit" */ = {
			isa = XCLocalSwiftPackageReference;
			relativePath = VerbatimKit;
		};
/* End XCLocalSwiftPackageReference section */

/* Begin XCRemoteSwiftPackageReference section */
		A10000030000000000000003 /* XCRemoteSwiftPackageReference "swift-dependencies" */ = {
			isa = XCRemoteSwiftPackageReference;
			repositoryURL = "https://github.com/pointfreeco/swift-dependencies";
			requirement = {
				kind = upToNextMajorVersion;
				minimumVersion = 1.0.0;
			};
		};
		A10000030000000000000004 /* XCRemoteSwiftPackageReference "swift-sharing" */ = {
			isa = XCRemoteSwiftPackageReference;
			repositoryURL = "https://github.com/pointfreeco/swift-sharing";
			requirement = {
				kind = upToNextMajorVersion;
				minimumVersion = 2.0.0;
			};
		};
		A10000030000000000000005 /* XCRemoteSwiftPackageReference "xctest-dynamic-overlay" */ = {
			isa = XCRemoteSwiftPackageReference;
			repositoryURL = "https://github.com/pointfreeco/xctest-dynamic-overlay";
			requirement = {
				kind = upToNextMajorVersion;
				minimumVersion = 1.0.0;
			};
		};
		A10000030000000000000006 /* XCRemoteSwiftPackageReference "Sparkle" */ = {
			isa = XCRemoteSwiftPackageReference;
			repositoryURL = "https://github.com/sparkle-project/Sparkle";
			requirement = {
				kind = upToNextMajorVersion;
				minimumVersion = 2.8.1;
			};
		};
		A10000030000000000000007 /* XCRemoteSwiftPackageReference "MacControlCenterUI" */ = {
			isa = XCRemoteSwiftPackageReference;
			repositoryURL = "https://github.com/orchetect/MacControlCenterUI";
			requirement = {
				kind = upToNextMajorVersion;
				minimumVersion = 2.7.0;
			};
		};
/* End XCRemoteSwiftPackageReference section */

/* Begin XCSwiftPackageProductDependency section */
		A10000040000000000000001 /* VoxtralCore */ = {
			isa = XCSwiftPackageProductDependency;
			productName = VoxtralCore;
		};
		A10000040000000000000002 /* KeyboardShortcuts */ = {
			isa = XCSwiftPackageProductDependency;
			productName = KeyboardShortcuts;
		};
		A10000040000000000000003 /* Sauce */ = {
			isa = XCSwiftPackageProductDependency;
			productName = Sauce;
		};
		A10000040000000000000004 /* Sharing */ = {
			isa = XCSwiftPackageProductDependency;
			package = A10000030000000000000004 /* XCRemoteSwiftPackageReference "swift-sharing" */;
			productName = Sharing;
		};
		A10000040000000000000005 /* Dependencies */ = {
			isa = XCSwiftPackageProductDependency;
			package = A10000030000000000000003 /* XCRemoteSwiftPackageReference "swift-dependencies" */;
			productName = Dependencies;
		};
		A10000040000000000000006 /* IssueReporting */ = {
			isa = XCSwiftPackageProductDependency;
			package = A10000030000000000000005 /* XCRemoteSwiftPackageReference "xctest-dynamic-overlay" */;
			productName = IssueReporting;
		};
		A10000040000000000000007 /* Sparkle */ = {
			isa = XCSwiftPackageProductDependency;
			package = A10000030000000000000006 /* XCRemoteSwiftPackageReference "Sparkle" */;
			productName = Sparkle;
		};
		A10000040000000000000008 /* MacControlCenterUI */ = {
			isa = XCSwiftPackageProductDependency;
			package = A10000030000000000000007 /* XCRemoteSwiftPackageReference "MacControlCenterUI" */;
			productName = MacControlCenterUI;
		};
		B10000040000000000000001 /* Shared */ = {
			isa = XCSwiftPackageProductDependency;
			productName = Shared;
		};
		B10000040000000000000002 /* AudioClient */ = {
			isa = XCSwiftPackageProductDependency;
			productName = AudioClient;
		};
		B10000040000000000000003 /* PermissionsClient */ = {
			isa = XCSwiftPackageProductDependency;
			productName = PermissionsClient;
		};
		B10000040000000000000004 /* PasteClient */ = {
			isa = XCSwiftPackageProductDependency;
			productName = PasteClient;
		};
		B10000040000000000000005 /* KeyboardClient */ = {
			isa = XCSwiftPackageProductDependency;
			productName = KeyboardClient;
		};
		B10000040000000000000006 /* FloatingCapsuleClient */ = {
			isa = XCSwiftPackageProductDependency;
			productName = FloatingCapsuleClient;
		};
		B10000040000000000000007 /* TranscriptionClient */ = {
			isa = XCSwiftPackageProductDependency;
			productName = TranscriptionClient;
		};
		B10000040000000000000008 /* DownloadClient */ = {
			isa = XCSwiftPackageProductDependency;
			productName = DownloadClient;
		};
		B10000040000000000000009 /* HistoryClient */ = {
			isa = XCSwiftPackageProductDependency;
			productName = HistoryClient;
		};
		B1000004000000000000000A /* SoundClient */ = {
			isa = XCSwiftPackageProductDependency;
			productName = SoundClient;
		};
		B1000004000000000000000B /* LogClient */ = {
			isa = XCSwiftPackageProductDependency;
			productName = LogClient;
		};
		B1000004000000000000000C /* Onboarding */ = {
			isa = XCSwiftPackageProductDependency;
			productName = Onboarding;
		};
		B1000004000000000000000D /* VerbatimModels */ = {
			isa = XCSwiftPackageProductDependency;
			productName = VerbatimModels;
		};
		B1000004000000000000000E /* UI */ = {
			isa = XCSwiftPackageProductDependency;
			productName = UI;
		};
		B1000004000000000000000F /* WindowClient */ = {
			isa = XCSwiftPackageProductDependency;
			productName = WindowClient;
		};
		B10000040000000000000010 /* FoundationModelClient */ = {
			isa = XCSwiftPackageProductDependency;
			productName = FoundationModelClient;
		};
		B10000040000000000000011 /* DoubleTapClient */ = {
			isa = XCSwiftPackageProductDependency;
			productName = DoubleTapClient;
		};
/* End XCSwiftPackageProductDependency section */
	};
	rootObject = 51F869512F469BEA004C06DD /* Project object */;
}
